# This file is automatically @generated by Poetry 1.6.1 and should not be changed by hand.

[[package]]
name = "dawg2"
version = "0.13.0"
description = "Fast and memory efficient DAWG (DAFSA) for Python"
optional = false
python-versions = ">=3.8"
files = [
    {file = "DAWG2-0.13.0-cp310-cp310-macosx_10_9_universal2.whl", hash = "sha256:d92a67201abfdc8b6a105fea521ace49a24a33f370470db4e59b10bdf5238720"},
    {file = "DAWG2-0.13.0-cp310-cp310-macosx_10_9_x86_64.whl", hash = "sha256:e7c8995a8185653e70f62cb8f610b062db6791eb930b2bb22baab77b435c5346"},
    {file = "DAWG2-0.13.0-cp310-cp310-manylinux_2_17_x86_64.manylinux2014_x86_64.whl", hash = "sha256:d6c2bcd9d8489663ac296ca3ed41e6ae5108b5d0cbe1bd3ccc6f248541245d52"},
    {file = "DAWG2-0.13.0-cp310-cp310-manylinux_2_5_i686.manylinux1_i686.manylinux_2_17_i686.manylinux2014_i686.whl", hash = "sha256:e35e56aeba8c93a0d5ab713334d5a146b1650514213189c0040a519c5782dc87"},
    {file = "DAWG2-0.13.0-cp310-cp310-musllinux_1_1_i686.whl", hash = "sha256:5f8c2f02d5a092eb7c7f9b242061e59ba24a15fdb9e6567107cbe885f1e29c3a"},
    {file = "DAWG2-0.13.0-cp310-cp310-musllinux_1_1_x86_64.whl", hash = "sha256:30d24495634ec43be63522ae2626a133934ea8bb334436a74e44eb57b394b588"},
    {file = "DAWG2-0.13.0-cp310-cp310-win32.whl", hash = "sha256:fb1018e1b74ac3114b457bfe974ac5c58b30da85334034373be2b6ca3c44ccb1"},
    {file = "DAWG2-0.13.0-cp310-cp310-win_amd64.whl", hash = "sha256:bcc9e1987734bf88f6937883db6a6c2a263e22a52c67c1092cd4c8dca6399f6f"},
    {file = "DAWG2-0.13.0-cp311-cp311-macosx_10_9_universal2.whl", hash = "sha256:0dd2a4bf387d067b13ec264073c7cd3ad2ada5b3123ca9895371a99778d0818c"},
    {file = "DAWG2-0.13.0-cp311-cp311-macosx_10_9_x86_64.whl", hash = "sha256:0361ae90c5cf5e002f02cea6475590986d41058be9fe3d2e1de8e6725d7527c8"},
    {file = "DAWG2-0.13.0-cp311-cp311-manylinux_2_17_x86_64.manylinux2014_x86_64.whl", hash = "sha256:f8ae55a9d5dc0c63870496777900edb598a8fb5599058b02e8a6b1c8535f5801"},
    {file = "DAWG2-0.13.0-cp311-cp311-manylinux_2_5_i686.manylinux1_i686.manylinux_2_17_i686.manylinux2014_i686.whl", hash = "sha256:ac70f4383f8fa3f4f506be45e717aace689367f0bbfabf2c307fdd4067d1a713"},
    {file = "DAWG2-0.13.0-cp311-cp311-musllinux_1_1_i686.whl", hash = "sha256:8bf6a93bc57dd47f22993191d3696b676777c1f91e1f49b8b3db67724966f3ec"},
    {file = "DAWG2-0.13.0-cp311-cp311-musllinux_1_1_x86_64.whl", hash = "sha256:028dc2a51e1d81a743541f94c14a5affcc06c0c05fbd9ff0b041a5c9a503a4dd"},
    {file = "DAWG2-0.13.0-cp311-cp311-win32.whl", hash = "sha256:ea95e6a19773c16fb710e8e8b13b1d96cd400dafad82a8616035d77aa1fdd465"},
    {file = "DAWG2-0.13.0-cp311-cp311-win_amd64.whl", hash = "sha256:7c91ce8af9923eca652cf557945e6aa9c753fe1e192ead129076f3728901f0cf"},
    {file = "DAWG2-0.13.0-cp312-cp312-macosx_10_9_universal2.whl", hash = "sha256:0a2f6146c3b7c0b18de862c6637a1c38be2e4a23dd41fb2b01c6a205840e9437"},
    {file = "DAWG2-0.13.0-cp312-cp312-macosx_10_9_x86_64.whl", hash = "sha256:eeb1be07ccc2f7da52b59efe245c41a7612fc8ccae8adb0e8f06ac33e10e4e2f"},
    {file = "DAWG2-0.13.0-cp312-cp312-manylinux_2_17_x86_64.manylinux2014_x86_64.whl", hash = "sha256:bce5a9da7498f3b4480f327fe502e04f6f8f1278a04f43835c393198275d225f"},
    {file = "DAWG2-0.13.0-cp312-cp312-manylinux_2_5_i686.manylinux1_i686.manylinux_2_17_i686.manylinux2014_i686.whl", hash = "sha256:afc94d145bbf768e73df13a105dcb775d3cddc26b8224ea319e7b93a7d1cd2ac"},
    {file = "DAWG2-0.13.0-cp312-cp312-musllinux_1_1_i686.whl", hash = "sha256:bf9c085e98d3c006eedc19447439b0481a4c7269ee7b25e1d6bb95a4a16d9146"},
    {file = "DAWG2-0.13.0-cp312-cp312-musllinux_1_1_x86_64.whl", hash = "sha256:8608209d298988ff6a011b66462b9cf5db5b44491a943d5b8ad2aa6aa7314e1a"},
    {file = "DAWG2-0.13.0-cp312-cp312-win32.whl", hash = "sha256:3f2adaf239296a759f254e64179477cae8ec660dfa0d650ef3c5702e8522234b"},
    {file = "DAWG2-0.13.0-cp312-cp312-win_amd64.whl", hash = "sha256:cb4c740c5f5cf277046c932857661b178ee5c3f78a43deef04e4537e9f0602a9"},
    {file = "DAWG2-0.13.0-cp38-cp38-macosx_10_9_universal2.whl", hash = "sha256:26033d70f1d235ef17281494f1c9ffeb5beff104d9a45e3e98366c635a9292f2"},
    {file = "DAWG2-0.13.0-cp38-cp38-macosx_10_9_x86_64.whl", hash = "sha256:741ec5c9d1d0a964de0fabcb5ed83b2064f257761dfeb92e27fb08e295335dbc"},
    {file = "DAWG2-0.13.0-cp38-cp38-manylinux_2_17_x86_64.manylinux2014_x86_64.whl", hash = "sha256:f36796ab31f529e427d30b4281a999b53fd038267f51cc0c747db0a83efc6e2f"},
    {file = "DAWG2-0.13.0-cp38-cp38-manylinux_2_5_i686.manylinux1_i686.manylinux_2_17_i686.manylinux2014_i686.whl", hash = "sha256:c2b484ff8fa1989e820d9f89428ffff1d23ec131a1c93d8b932621215f06551f"},
    {file = "DAWG2-0.13.0-cp38-cp38-musllinux_1_1_i686.whl", hash = "sha256:6b9ac1e2e7ee9560ea1bc50e0edc3eceda96f9a690136b906dfaa2ab0c275101"},
    {file = "DAWG2-0.13.0-cp38-cp38-musllinux_1_1_x86_64.whl", hash = "sha256:691cf67d13a184686719a1f3b118bacfee177b941ebe32936c8539fe6ba861c6"},
    {file = "DAWG2-0.13.0-cp38-cp38-win32.whl", hash = "sha256:a95ef569035c084a731b0e120377cb270d79e7cce00b6e7d1e80201f3776f208"},
    {file = "DAWG2-0.13.0-cp38-cp38-win_amd64.whl", hash = "sha256:a92db4ac8bb21e63732db002490b352baded72a7c0a3dd9fc4fbdcb3cc3d9d01"},
    {file = "DAWG2-0.13.0-cp39-cp39-macosx_10_9_universal2.whl", hash = "sha256:66c8bd8b66bda84a420d1f132e5b1d8568b2d851a2e5adac0ef2dcdb70c37ed6"},
    {file = "DAWG2-0.13.0-cp39-cp39-macosx_10_9_x86_64.whl", hash = "sha256:acc766e7557c39231943b144b966c3288718fb2ae27bc383d1af99fafeeb9f3d"},
    {file = "DAWG2-0.13.0-cp39-cp39-manylinux_2_17_x86_64.manylinux2014_x86_64.whl", hash = "sha256:aeb707bdb787ee6c96bbb3ac7a7ed932c0ff226f83dfb56bbb00a8debd2cdddd"},
    {file = "DAWG2-0.13.0-cp39-cp39-manylinux_2_5_i686.manylinux1_i686.manylinux_2_17_i686.manylinux2014_i686.whl", hash = "sha256:f15ef3e30154684bcd38dac229a6c5a8adb187563812ee568485dc8c0877a4ec"},
    {file = "DAWG2-0.13.0-cp39-cp39-musllinux_1_1_i686.whl", hash = "sha256:c535a27d26be9d6d0de739db50e4e61d31aeb959f2a12419b779d104a866c588"},
    {file = "DAWG2-0.13.0-cp39-cp39-musllinux_1_1_x86_64.whl", hash = "sha256:5728020395f788857c653c32ceb00e7d0b13dc39b757557abb79d253592bfe2c"},
    {file = "DAWG2-0.13.0-cp39-cp39-win32.whl", hash = "sha256:16cf04a2734aadb0f927c5e7bd8a2a4548f086aac6d603dfd8e25bf02986ee04"},
    {file = "DAWG2-0.13.0-cp39-cp39-win_amd64.whl", hash = "sha256:0890ede9b375341987321daeaa6b6602a99a5bc21116b67a0ba5180d6ab99fed"},
    {file = "DAWG2-0.13.0.tar.gz", hash = "sha256:d8cbf0ddc15882b723848bf7d849a6d3186a15945738b3cf4bf8cfc810cda2db"},
]

[[package]]
name = "gitdb"
version = "4.0.11"
description = "Git Object Database"
optional = false
python-versions = ">=3.7"
files = [
    {file = "gitdb-4.0.11-py3-none-any.whl", hash = "sha256:81a3407ddd2ee8df444cbacea00e2d038e40150acfa3001696fe0dcf1d3adfa4"},
    {file = "gitdb-4.0.11.tar.gz", hash = "sha256:bf5421126136d6d0af55bc1e7c1af1c397a34f5b7bd79e776cd3e89785c2b04b"},
]

[package.dependencies]
smmap = ">=3.0.1,<6"

[[package]]
name = "gitpython"
version = "3.1.43"
description = "GitPython is a Python library used to interact with Git repositories"
optional = false
python-versions = ">=3.7"
files = [
    {file = "GitPython-3.1.43-py3-none-any.whl", hash = "sha256:eec7ec56b92aad751f9912a73404bc02ba212a23adb2c7098ee668417051a1ff"},
    {file = "GitPython-3.1.43.tar.gz", hash = "sha256:35f314a9f878467f5453cc1fee295c3e18e52f1b99f10f6cf5b1682e968a9e7c"},
]

[package.dependencies]
gitdb = ">=4.0.1,<5"

[package.extras]
doc = ["sphinx (==4.3.2)", "sphinx-autodoc-typehints", "sphinx-rtd-theme", "sphinxcontrib-applehelp (>=1.0.2,<=1.0.4)", "sphinxcontrib-devhelp (==1.0.2)", "sphinxcontrib-htmlhelp (>=2.0.0,<=2.0.1)", "sphinxcontrib-qthelp (==1.0.3)", "sphinxcontrib-serializinghtml (==1.1.5)"]
test = ["coverage[toml]", "ddt (>=1.1.1,!=1.4.3)", "mock", "mypy", "pre-commit", "pytest (>=7.3.1)", "pytest-cov", "pytest-instafail", "pytest-mock", "pytest-sugar", "typing-extensions"]

[[package]]
name = "smmap"
version = "5.0.1"
description = "A pure Python implementation of a sliding window memory map manager"
optional = false
python-versions = ">=3.7"
files = [
    {file = "smmap-5.0.1-py3-none-any.whl", hash = "sha256:e6d8668fa5f93e706934a62d7b4db19c8d9eb8cf2adbb75ef1b675aa332b69da"},
    {file = "smmap-5.0.1.tar.gz", hash = "sha256:dceeb6c0028fdb6734471eb07c0cd2aae706ccaecab45965ee83f11c8d3b1f62"},
]

[metadata]
lock-version = "2.0"
python-versions = ">=3.9.16"
content-hash = "0dadc6d3880227c353e67ad54ea80420947cda9058e69f3085730bb957366cf7"
