# This file is automatically @generated by Poetry 1.5.1 and should not be changed by hand.

[[package]]
name = "dawg2"
version = "0.9.0"
description = "Fast and memory efficient DAWG (DAFSA) for Python"
optional = false
python-versions = "*"
files = [
    {file = "DAWG2-0.9.0.tar.gz", hash = "sha256:98c130134fa94d954a53b6eb245d71cdd94c99414169160e16e42ed54dfad68b"},
]

[metadata]
lock-version = "2.0"
python-versions = ">=3.9.16,<3.11"
content-hash = "d0aea96df49d8e633ef97a8f8cc69acf24d2d12a363488f80b644471838986f8"
